// !$*UTF8*$!
{
	archiveVersion = 1;
	classes = {
	};
	objectVersion = 56;
	objects = {

/* Begin PBXBuildFile section */
		2798B95C2B480AEB00C32DAA /* LoginViewController.swift in Sources */ = {isa = PBXBuildFile; fileRef = 2798B95B2B480AEB00C32DAA /* LoginViewController.swift */; };
		2798B95E2B48613700C32DAA /* UIView+Extensions.swift in Sources */ = {isa = PBXBuildFile; fileRef = 2798B95D2B48613700C32DAA /* UIView+Extensions.swift */; };
		2798B9602B48694C00C32DAA /* RegistrationViewController.swift in Sources */ = {isa = PBXBuildFile; fileRef = 2798B95F2B48694C00C32DAA /* RegistrationViewController.swift */; };
		2798B9622B4885BB00C32DAA /* VerificationViewController.swift in Sources */ = {isa = PBXBuildFile; fileRef = 2798B9612B4885BB00C32DAA /* VerificationViewController.swift */; };
		2798B9642B4886F600C32DAA /* MainViewController.swift in Sources */ = {isa = PBXBuildFile; fileRef = 2798B9632B4886F600C32DAA /* MainViewController.swift */; };
		2798B9662B4887CF00C32DAA /* TabBarViewController.swift in Sources */ = {isa = PBXBuildFile; fileRef = 2798B9652B4887CF00C32DAA /* TabBarViewController.swift */; };
		2798B9682B488BDC00C32DAA /* ProfileViewController.swift in Sources */ = {isa = PBXBuildFile; fileRef = 2798B9672B488BDC00C32DAA /* ProfileViewController.swift */; };
		2798B96A2B488C1200C32DAA /* StockViewController.swift in Sources */ = {isa = PBXBuildFile; fileRef = 2798B9692B488C1200C32DAA /* StockViewController.swift */; };
		2798B96C2B488C3700C32DAA /* SummaryViewController.swift in Sources */ = {isa = PBXBuildFile; fileRef = 2798B96B2B488C3700C32DAA /* SummaryViewController.swift */; };
		2798B96E2B489B6600C32DAA /* AdditemViewController.swift in Sources */ = {isa = PBXBuildFile; fileRef = 2798B96D2B489B6600C32DAA /* AdditemViewController.swift */; };
		27A125E92B35831E00A015A8 /* AppDelegate.swift in Sources */ = {isa = PBXBuildFile; fileRef = 27A125E82B35831E00A015A8 /* AppDelegate.swift */; };
		27A125EB2B35831E00A015A8 /* SceneDelegate.swift in Sources */ = {isa = PBXBuildFile; fileRef = 27A125EA2B35831E00A015A8 /* SceneDelegate.swift */; };
		27A125F22B35832000A015A8 /* Assets.xcassets in Resources */ = {isa = PBXBuildFile; fileRef = 27A125F12B35832000A015A8 /* Assets.xcassets */; };
		27A125F52B35832000A015A8 /* LaunchScreen.storyboard in Resources */ = {isa = PBXBuildFile; fileRef = 27A125F32B35832000A015A8 /* LaunchScreen.storyboard */; };
		E5130675D102F02E1A92E0B8 /* Pods_inventory.framework in Frameworks */ = {isa = PBXBuildFile; fileRef = B6F54CD94627EFBBC21DF482 /* Pods_inventory.framework */; };
/* End PBXBuildFile section */

/* Begin PBXFileReference section */
		24479322C9ACB941B32D08F6 /* Pods-inventory.release.xcconfig */ = {isa = PBXFileReference; includeInIndex = 1; lastKnownFileType = text.xcconfig; name = "Pods-inventory.release.xcconfig"; path = "Target Support Files/Pods-inventory/Pods-inventory.release.xcconfig"; sourceTree = "<group>"; };
		2798B95B2B480AEB00C32DAA /* LoginViewController.swift */ = {isa = PBXFileReference; lastKnownFileType = sourcecode.swift; path = LoginViewController.swift; sourceTree = "<group>"; };
		2798B95D2B48613700C32DAA /* UIView+Extensions.swift */ = {isa = PBXFileReference; lastKnownFileType = sourcecode.swift; path = "UIView+Extensions.swift"; sourceTree = "<group>"; };
		2798B95F2B48694C00C32DAA /* RegistrationViewController.swift */ = {isa = PBXFileReference; lastKnownFileType = sourcecode.swift; path = RegistrationViewController.swift; sourceTree = "<group>"; };
		2798B9612B4885BB00C32DAA /* VerificationViewController.swift */ = {isa = PBXFileReference; lastKnownFileType = sourcecode.swift; path = VerificationViewController.swift; sourceTree = "<group>"; };
		2798B9632B4886F600C32DAA /* MainViewController.swift */ = {isa = PBXFileReference; lastKnownFileType = sourcecode.swift; path = MainViewController.swift; sourceTree = "<group>"; };
		2798B9652B4887CF00C32DAA /* TabBarViewController.swift */ = {isa = PBXFileReference; lastKnownFileType = sourcecode.swift; path = TabBarViewController.swift; sourceTree = "<group>"; };
		2798B9672B488BDC00C32DAA /* ProfileViewController.swift */ = {isa = PBXFileReference; lastKnownFileType = sourcecode.swift; path = ProfileViewController.swift; sourceTree = "<group>"; };
		2798B9692B488C1200C32DAA /* StockViewController.swift */ = {isa = PBXFileReference; lastKnownFileType = sourcecode.swift; path = StockViewController.swift; sourceTree = "<group>"; };
		2798B96B2B488C3700C32DAA /* SummaryViewController.swift */ = {isa = PBXFileReference; lastKnownFileType = sourcecode.swift; path = SummaryViewController.swift; sourceTree = "<group>"; };
		2798B96D2B489B6600C32DAA /* AdditemViewController.swift */ = {isa = PBXFileReference; lastKnownFileType = sourcecode.swift; path = AdditemViewController.swift; sourceTree = "<group>"; };
		27A125E52B35831E00A015A8 /* inventory.app */ = {isa = PBXFileReference; explicitFileType = wrapper.application; includeInIndex = 0; path = inventory.app; sourceTree = BUILT_PRODUCTS_DIR; };
		27A125E82B35831E00A015A8 /* AppDelegate.swift */ = {isa = PBXFileReference; lastKnownFileType = sourcecode.swift; path = AppDelegate.swift; sourceTree = "<group>"; };
		27A125EA2B35831E00A015A8 /* SceneDelegate.swift */ = {isa = PBXFileReference; lastKnownFileType = sourcecode.swift; path = SceneDelegate.swift; sourceTree = "<group>"; };
		27A125F12B35832000A015A8 /* Assets.xcassets */ = {isa = PBXFileReference; lastKnownFileType = folder.assetcatalog; path = Assets.xcassets; sourceTree = "<group>"; };
		27A125F42B35832000A015A8 /* Base */ = {isa = PBXFileReference; lastKnownFileType = file.storyboard; name = Base; path = Base.lproj/LaunchScreen.storyboard; sourceTree = "<group>"; };
		27A125F62B35832000A015A8 /* Info.plist */ = {isa = PBXFileReference; lastKnownFileType = text.plist.xml; path = Info.plist; sourceTree = "<group>"; };
		B6F54CD94627EFBBC21DF482 /* Pods_inventory.framework */ = {isa = PBXFileReference; explicitFileType = wrapper.framework; includeInIndex = 0; path = Pods_inventory.framework; sourceTree = BUILT_PRODUCTS_DIR; };
		BED6046811E10D5D30F024B5 /* Pods-inventory.debug.xcconfig */ = {isa = PBXFileReference; includeInIndex = 1; lastKnownFileType = text.xcconfig; name = "Pods-inventory.debug.xcconfig"; path = "Target Support Files/Pods-inventory/Pods-inventory.debug.xcconfig"; sourceTree = "<group>"; };
/* End PBXFileReference section */

/* Begin PBXFrameworksBuildPhase section */
		27A125E22B35831E00A015A8 /* Frameworks */ = {
			isa = PBXFrameworksBuildPhase;
			buildActionMask = 2147483647;
			files = (
				E5130675D102F02E1A92E0B8 /* Pods_inventory.framework in Frameworks */,
			);
			runOnlyForDeploymentPostprocessing = 0;
		};
/* End PBXFrameworksBuildPhase section */

/* Begin PBXGroup section */
		27A125DC2B35831E00A015A8 = {
			isa = PBXGroup;
			children = (
				27A125E72B35831E00A015A8 /* inventory */,
				27A125E62B35831E00A015A8 /* Products */,
				76EC5C215AC4495A89B15636 /* Pods */,
				6C7E9794E5DD83AAD12DB2E5 /* Frameworks */,
			);
			sourceTree = "<group>";
		};
		27A125E62B35831E00A015A8 /* Products */ = {
			isa = PBXGroup;
			children = (
				27A125E52B35831E00A015A8 /* inventory.app */,
			);
			name = Products;
			sourceTree = "<group>";
		};
		27A125E72B35831E00A015A8 /* inventory */ = {
			isa = PBXGroup;
			children = (
				27A125E82B35831E00A015A8 /* AppDelegate.swift */,
				2798B95B2B480AEB00C32DAA /* LoginViewController.swift */,
				27A125EA2B35831E00A015A8 /* SceneDelegate.swift */,
				27A125F12B35832000A015A8 /* Assets.xcassets */,
				27A125F32B35832000A015A8 /* LaunchScreen.storyboard */,
				27A125F62B35832000A015A8 /* Info.plist */,
				2798B95D2B48613700C32DAA /* UIView+Extensions.swift */,
				2798B95F2B48694C00C32DAA /* RegistrationViewController.swift */,
				2798B9612B4885BB00C32DAA /* VerificationViewController.swift */,
				2798B9632B4886F600C32DAA /* MainViewController.swift */,
				2798B9652B4887CF00C32DAA /* TabBarViewController.swift */,
				2798B9672B488BDC00C32DAA /* ProfileViewController.swift */,
				2798B9692B488C1200C32DAA /* StockViewController.swift */,
				2798B96B2B488C3700C32DAA /* SummaryViewController.swift */,
				2798B96D2B489B6600C32DAA /* AdditemViewController.swift */,
			);
			path = inventory;
			sourceTree = "<group>";
		};
		6C7E9794E5DD83AAD12DB2E5 /* Frameworks */ = {
			isa = PBXGroup;
			children = (
				B6F54CD94627EFBBC21DF482 /* Pods_inventory.framework */,
			);
			name = Frameworks;
			sourceTree = "<group>";
		};
		76EC5C215AC4495A89B15636 /* Pods */ = {
			isa = PBXGroup;
			children = (
				BED6046811E10D5D30F024B5 /* Pods-inventory.debug.xcconfig */,
				24479322C9ACB941B32D08F6 /* Pods-inventory.release.xcconfig */,
			);
			path = Pods;
			sourceTree = "<group>";
		};
/* End PBXGroup section */

/* Begin PBXNativeTarget section */
		27A125E42B35831E00A015A8 /* inventory */ = {
			isa = PBXNativeTarget;
			buildConfigurationList = 27A125F92B35832000A015A8 /* Build configuration list for PBXNativeTarget "inventory" */;
			buildPhases = (
				6474E05E6C3F70551A18A830 /* [CP] Check Pods Manifest.lock */,
				27A125E12B35831E00A015A8 /* Sources */,
				27A125E22B35831E00A015A8 /* Frameworks */,
				27A125E32B35831E00A015A8 /* Resources */,
				B3938C351CEFEDCFB939FACD /* [CP] Embed Pods Frameworks */,
			);
			buildRules = (
			);
			dependencies = (
			);
			name = inventory;
			productName = inventory;
			productReference = 27A125E52B35831E00A015A8 /* inventory.app */;
			productType = "com.apple.product-type.application";
		};
/* End PBXNativeTarget section */

/* Begin PBXProject section */
		27A125DD2B35831E00A015A8 /* Project object */ = {
			isa = PBXProject;
			attributes = {
				BuildIndependentTargetsInParallel = 1;
				LastSwiftUpdateCheck = 1500;
				LastUpgradeCheck = 1500;
				TargetAttributes = {
					27A125E42B35831E00A015A8 = {
						CreatedOnToolsVersion = 15.0.1;
					};
				};
			};
			buildConfigurationList = 27A125E02B35831E00A015A8 /* Build configuration list for PBXProject "inventory" */;
			compatibilityVersion = "Xcode 14.0";
			developmentRegion = en;
			hasScannedForEncodings = 0;
			knownRegions = (
				en,
				Base,
			);
			mainGroup = 27A125DC2B35831E00A015A8;
			productRefGroup = 27A125E62B35831E00A015A8 /* Products */;
			projectDirPath = "";
			projectRoot = "";
			targets = (
				27A125E42B35831E00A015A8 /* inventory */,
			);
		};
/* End PBXProject section */

/* Begin PBXResourcesBuildPhase section */
		27A125E32B35831E00A015A8 /* Resources */ = {
			isa = PBXResourcesBuildPhase;
			buildActionMask = 2147483647;
			files = (
				27A125F52B35832000A015A8 /* LaunchScreen.storyboard in Resources */,
				27A125F22B35832000A015A8 /* Assets.xcassets in Resources */,
			);
			runOnlyForDeploymentPostprocessing = 0;
		};
/* End PBXResourcesBuildPhase section */

/* Begin PBXShellScriptBuildPhase section */
		6474E05E6C3F70551A18A830 /* [CP] Check Pods Manifest.lock */ = {
			isa = PBXShellScriptBuildPhase;
			buildActionMask = 2147483647;
			files = (
			);
			inputFileListPaths = (
			);
			inputPaths = (
				"${PODS_PODFILE_DIR_PATH}/Podfile.lock",
				"${PODS_ROOT}/Manifest.lock",
			);
			name = "[CP] Check Pods Manifest.lock";
			outputFileListPaths = (
			);
			outputPaths = (
				"$(DERIVED_FILE_DIR)/Pods-inventory-checkManifestLockResult.txt",
			);
			runOnlyForDeploymentPostprocessing = 0;
			shellPath = /bin/sh;
			shellScript = "diff \"${PODS_PODFILE_DIR_PATH}/Podfile.lock\" \"${PODS_ROOT}/Manifest.lock\" > /dev/null\nif [ $? != 0 ] ; then\n    # print error to STDERR\n    echo \"error: The sandbox is not in sync with the Podfile.lock. Run 'pod install' or update your CocoaPods installation.\" >&2\n    exit 1\nfi\n# This output is used by Xcode 'outputs' to avoid re-running this script phase.\necho \"SUCCESS\" > \"${SCRIPT_OUTPUT_FILE_0}\"\n";
			showEnvVarsInLog = 0;
		};
		B3938C351CEFEDCFB939FACD /* [CP] Embed Pods Frameworks */ = {
			isa = PBXShellScriptBuildPhase;
			buildActionMask = 2147483647;
			files = (
			);
			inputFileListPaths = (
				"${PODS_ROOT}/Target Support Files/Pods-inventory/Pods-inventory-frameworks-${CONFIGURATION}-input-files.xcfilelist",
			);
			name = "[CP] Embed Pods Frameworks";
			outputFileListPaths = (
				"${PODS_ROOT}/Target Support Files/Pods-inventory/Pods-inventory-frameworks-${CONFIGURATION}-output-files.xcfilelist",
			);
			runOnlyForDeploymentPostprocessing = 0;
			shellPath = /bin/sh;
			shellScript = "\"${PODS_ROOT}/Target Support Files/Pods-inventory/Pods-inventory-frameworks.sh\"\n";
			showEnvVarsInLog = 0;
		};
/* End PBXShellScriptBuildPhase section */

/* Begin PBXSourcesBuildPhase section */
		27A125E12B35831E00A015A8 /* Sources */ = {
			isa = PBXSourcesBuildPhase;
			buildActionMask = 2147483647;
			files = (
				2798B9662B4887CF00C32DAA /* TabBarViewController.swift in Sources */,
				2798B96E2B489B6600C32DAA /* AdditemViewController.swift in Sources */,
				2798B9642B4886F600C32DAA /* MainViewController.swift in Sources */,
				2798B9622B4885BB00C32DAA /* VerificationViewController.swift in Sources */,
				2798B95C2B480AEB00C32DAA /* LoginViewController.swift in Sources */,
				2798B96C2B488C3700C32DAA /* SummaryViewController.swift in Sources */,
				27A125E92B35831E00A015A8 /* AppDelegate.swift in Sources */,
				2798B95E2B48613700C32DAA /* UIView+Extensions.swift in Sources */,
				2798B9682B488BDC00C32DAA /* ProfileViewController.swift in Sources */,
				27A125EB2B35831E00A015A8 /* SceneDelegate.swift in Sources */,
				2798B9602B48694C00C32DAA /* RegistrationViewController.swift in Sources */,
				2798B96A2B488C1200C32DAA /* StockViewController.swift in Sources */,
			);
			runOnlyForDeploymentPostprocessing = 0;
		};
/* End PBXSourcesBuildPhase section */

/* Begin PBXVariantGroup section */
		27A125F32B35832000A015A8 /* LaunchScreen.storyboard */ = {
			isa = PBXVariantGroup;
			children = (
				27A125F42B35832000A015A8 /* Base */,
			);
			name = LaunchScreen.storyboard;
			sourceTree = "<group>";
		};
/* End PBXVariantGroup section */

/* Begin XCBuildConfiguration section */
		27A125F72B35832000A015A8 /* Debug */ = {
			isa = XCBuildConfiguration;
			buildSettings = {
				ALWAYS_SEARCH_USER_PATHS = NO;
				ASSETCATALOG_COMPILER_GENERATE_SWIFT_ASSET_SYMBOL_EXTENSIONS = YES;
				CLANG_ANALYZER_NONNULL = YES;
				CLANG_ANALYZER_NUMBER_OBJECT_CONVERSION = YES_AGGRESSIVE;
				CLANG_CXX_LANGUAGE_STANDARD = "gnu++20";
				CLANG_ENABLE_MODULES = YES;
				CLANG_ENABLE_OBJC_ARC = YES;
				CLANG_ENABLE_OBJC_WEAK = YES;
				CLANG_WARN_BLOCK_CAPTURE_AUTORELEASING = YES;
				CLANG_WARN_BOOL_CONVERSION = YES;
				CLANG_WARN_COMMA = YES;
				CLANG_WARN_CONSTANT_CONVERSION = YES;
				CLANG_WARN_DEPRECATED_OBJC_IMPLEMENTATIONS = YES;
				CLANG_WARN_DIRECT_OBJC_ISA_USAGE = YES_ERROR;
				CLANG_WARN_DOCUMENTATION_COMMENTS = YES;
				CLANG_WARN_EMPTY_BODY = YES;
				CLANG_WARN_ENUM_CONVERSION = YES;
				CLANG_WARN_INFINITE_RECURSION = YES;
				CLANG_WARN_INT_CONVERSION = YES;
				CLANG_WARN_NON_LITERAL_NULL_CONVERSION = YES;
				CLANG_WARN_OBJC_IMPLICIT_RETAIN_SELF = YES;
				CLANG_WARN_OBJC_LITERAL_CONVERSION = YES;
				CLANG_WARN_OBJC_ROOT_CLASS = YES_ERROR;
				CLANG_WARN_QUOTED_INCLUDE_IN_FRAMEWORK_HEADER = YES;
				CLANG_WARN_RANGE_LOOP_ANALYSIS = YES;
				CLANG_WARN_STRICT_PROTOTYPES = YES;
				CLANG_WARN_SUSPICIOUS_MOVE = YES;
				CLANG_WARN_UNGUARDED_AVAILABILITY = YES_AGGRESSIVE;
				CLANG_WARN_UNREACHABLE_CODE = YES;
				CLANG_WARN__DUPLICATE_METHOD_MATCH = YES;
				COPY_PHASE_STRIP = NO;
				DEBUG_INFORMATION_FORMAT = dwarf;
				ENABLE_STRICT_OBJC_MSGSEND = YES;
				ENABLE_TESTABILITY = YES;
				ENABLE_USER_SCRIPT_SANDBOXING = NO;
				GCC_C_LANGUAGE_STANDARD = gnu17;
				GCC_DYNAMIC_NO_PIC = NO;
				GCC_NO_COMMON_BLOCKS = YES;
				GCC_OPTIMIZATION_LEVEL = 0;
				GCC_PREPROCESSOR_DEFINITIONS = (
					"DEBUG=1",
					"$(inherited)",
				);
				GCC_WARN_64_TO_32_BIT_CONVERSION = YES;
				GCC_WARN_ABOUT_RETURN_TYPE = YES_ERROR;
				GCC_WARN_UNDECLARED_SELECTOR = YES;
				GCC_WARN_UNINITIALIZED_AUTOS = YES_AGGRESSIVE;
				GCC_WARN_UNUSED_FUNCTION = YES;
				GCC_WARN_UNUSED_VARIABLE = YES;
				IPHONEOS_DEPLOYMENT_TARGET = 17.0;
				LOCALIZATION_PREFERS_STRING_CATALOGS = YES;
				MTL_ENABLE_DEBUG_INFO = INCLUDE_SOURCE;
				MTL_FAST_MATH = YES;
				ONLY_ACTIVE_ARCH = YES;
				SDKROOT = iphoneos;
				SWIFT_ACTIVE_COMPILATION_CONDITIONS = "DEBUG $(inherited)";
				SWIFT_OPTIMIZATION_LEVEL = "-Onone";
			};
			name = Debug;
		};
		27A125F82B35832000A015A8 /* Release */ = {
			isa = XCBuildConfiguration;
			buildSettings = {
				ALWAYS_SEARCH_USER_PATHS = NO;
				ASSETCATALOG_COMPILER_GENERATE_SWIFT_ASSET_SYMBOL_EXTENSIONS = YES;
				CLANG_ANALYZER_NONNULL = YES;
				CLANG_ANALYZER_NUMBER_OBJECT_CONVERSION = YES_AGGRESSIVE;
				CLANG_CXX_LANGUAGE_STANDARD = "gnu++20";
				CLANG_ENABLE_MODULES = YES;
				CLANG_ENABLE_OBJC_ARC = YES;
				CLANG_ENABLE_OBJC_WEAK = YES;
				CLANG_WARN_BLOCK_CAPTURE_AUTORELEASING = YES;
				CLANG_WARN_BOOL_CONVERSION = YES;
				CLANG_WARN_COMMA = YES;
				CLANG_WARN_CONSTANT_CONVERSION = YES;
				CLANG_WARN_DEPRECATED_OBJC_IMPLEMENTATIONS = YES;
				CLANG_WARN_DIRECT_OBJC_ISA_USAGE = YES_ERROR;
				CLANG_WARN_DOCUMENTATION_COMMENTS = YES;
				CLANG_WARN_EMPTY_BODY = YES;
				CLANG_WARN_ENUM_CONVERSION = YES;
				CLANG_WARN_INFINITE_RECURSION = YES;
				CLANG_WARN_INT_CONVERSION = YES;
				CLANG_WARN_NON_LITERAL_NULL_CONVERSION = YES;
				CLANG_WARN_OBJC_IMPLICIT_RETAIN_SELF = YES;
				CLANG_WARN_OBJC_LITERAL_CONVERSION = YES;
				CLANG_WARN_OBJC_ROOT_CLASS = YES_ERROR;
				CLANG_WARN_QUOTED_INCLUDE_IN_FRAMEWORK_HEADER = YES;
				CLANG_WARN_RANGE_LOOP_ANALYSIS = YES;
				CLANG_WARN_STRICT_PROTOTYPES = YES;
				CLANG_WARN_SUSPICIOUS_MOVE = YES;
				CLANG_WARN_UNGUARDED_AVAILABILITY = YES_AGGRESSIVE;
				CLANG_WARN_UNREACHABLE_CODE = YES;
				CLANG_WARN__DUPLICATE_METHOD_MATCH = YES;
				COPY_PHASE_STRIP = NO;
				DEBUG_INFORMATION_FORMAT = "dwarf-with-dsym";
				ENABLE_NS_ASSERTIONS = NO;
				ENABLE_STRICT_OBJC_MSGSEND = YES;
				ENABLE_USER_SCRIPT_SANDBOXING = NO;
				GCC_C_LANGUAGE_STANDARD = gnu17;
				GCC_NO_COMMON_BLOCKS = YES;
				GCC_WARN_64_TO_32_BIT_CONVERSION = YES;
				GCC_WARN_ABOUT_RETURN_TYPE = YES_ERROR;
				GCC_WARN_UNDECLARED_SELECTOR = YES;
				GCC_WARN_UNINITIALIZED_AUTOS = YES_AGGRESSIVE;
				GCC_WARN_UNUSED_FUNCTION = YES;
				GCC_WARN_UNUSED_VARIABLE = YES;
				IPHONEOS_DEPLOYMENT_TARGET = 17.0;
				LOCALIZATION_PREFERS_STRING_CATALOGS = YES;
				MTL_ENABLE_DEBUG_INFO = NO;
				MTL_FAST_MATH = YES;
				SDKROOT = iphoneos;
				SWIFT_COMPILATION_MODE = wholemodule;
				VALIDATE_PRODUCT = YES;
			};
			name = Release;
		};
		27A125FA2B35832000A015A8 /* Debug */ = {
			isa = XCBuildConfiguration;
			baseConfigurationReference = BED6046811E10D5D30F024B5 /* Pods-inventory.debug.xcconfig */;
			buildSettings = {
				ASSETCATALOG_COMPILER_APPICON_NAME = AppIcon;
				ASSETCATALOG_COMPILER_GLOBAL_ACCENT_COLOR_NAME = AccentColor;
				CODE_SIGN_STYLE = Automatic;
				CURRENT_PROJECT_VERSION = 1;
				DEVELOPMENT_TEAM = UMT9P2TY7F;
				GENERATE_INFOPLIST_FILE = YES;
				INFOPLIST_FILE = inventory/Info.plist;
				INFOPLIST_KEY_UIApplicationSupportsIndirectInputEvents = YES;
				INFOPLIST_KEY_UILaunchStoryboardName = LaunchScreen;
				INFOPLIST_KEY_UISupportedInterfaceOrientations_iPad = "UIInterfaceOrientationPortrait UIInterfaceOrientationPortraitUpsideDown UIInterfaceOrientationLandscapeLeft UIInterfaceOrientationLandscapeRight";
				INFOPLIST_KEY_UISupportedInterfaceOrientations_iPhone = "UIInterfaceOrientationPortrait UIInterfaceOrientationLandscapeLeft UIInterfaceOrientationLandscapeRight";
				LD_RUNPATH_SEARCH_PATHS = (
					"$(inherited)",
					"@executable_path/Frameworks",
				);
				MARKETING_VERSION = 1.0;
				PRODUCT_BUNDLE_IDENTIFIER = kz.tami.inventory;
				PRODUCT_NAME = "$(TARGET_NAME)";
				SWIFT_EMIT_LOC_STRINGS = YES;
				SWIFT_VERSION = 5.0;
				TARGETED_DEVICE_FAMILY = "1,2";
			};
			name = Debug;
		};
		27A125FB2B35832000A015A8 /* Release */ = {
			isa = XCBuildConfiguration;
			baseConfigurationReference = 24479322C9ACB941B32D08F6 /* Pods-inventory.release.xcconfig */;
			buildSettings = {
				ASSETCATALOG_COMPILER_APPICON_NAME = AppIcon;
				ASSETCATALOG_COMPILER_GLOBAL_ACCENT_COLOR_NAME = AccentColor;
				CODE_SIGN_STYLE = Automatic;
				CURRENT_PROJECT_VERSION = 1;
				DEVELOPMENT_TEAM = UMT9P2TY7F;
				GENERATE_INFOPLIST_FILE = YES;
				INFOPLIST_FILE = inventory/Info.plist;
				INFOPLIST_KEY_UIApplicationSupportsIndirectInputEvents = YES;
				INFOPLIST_KEY_UILaunchStoryboardName = LaunchScreen;
				INFOPLIST_KEY_UISupportedInterfaceOrientations_iPad = "UIInterfaceOrientationPortrait UIInterfaceOrientationPortraitUpsideDown UIInterfaceOrientationLandscapeLeft UIInterfaceOrientationLandscapeRight";
				INFOPLIST_KEY_UISupportedInterfaceOrientations_iPhone = "UIInterfaceOrientationPortrait UIInterfaceOrientationLandscapeLeft UIInterfaceOrientationLandscapeRight";
				LD_RUNPATH_SEARCH_PATHS = (
					"$(inherited)",
					"@executable_path/Frameworks",
				);
				MARKETING_VERSION = 1.0;
				PRODUCT_BUNDLE_IDENTIFIER = kz.tami.inventory;
				PRODUCT_NAME = "$(TARGET_NAME)";
				SWIFT_EMIT_LOC_STRINGS = YES;
				SWIFT_VERSION = 5.0;
				TARGETED_DEVICE_FAMILY = "1,2";
			};
			name = Release;
		};
/* End XCBuildConfiguration section */

/* Begin XCConfigurationList section */
		27A125E02B35831E00A015A8 /* Build configuration list for PBXProject "inventory" */ = {
			isa = XCConfigurationList;
			buildConfigurations = (
				27A125F72B35832000A015A8 /* Debug */,
				27A125F82B35832000A015A8 /* Release */,
			);
			defaultConfigurationIsVisible = 0;
			defaultConfigurationName = Release;
		};
		27A125F92B35832000A015A8 /* Build configuration list for PBXNativeTarget "inventory" */ = {
			isa = XCConfigurationList;
			buildConfigurations = (
				27A125FA2B35832000A015A8 /* Debug */,
				27A125FB2B35832000A015A8 /* Release */,
			);
			defaultConfigurationIsVisible = 0;
			defaultConfigurationName = Release;
		};
/* End XCConfigurationList section */
	};
	rootObject = 27A125DD2B35831E00A015A8 /* Project object */;
}
